
Microsoft Visual Studio Solution File, Format Version 12.00
# Visual Studio Version 16
VisualStudioVersion = 16.0.31702.278
MinimumVisualStudioVersion = 10.0.40219.1
Project("{FAE04EC0-301F-11D3-BF4B-00C04F79EFBC}") = "Collection2", "Collection2\Collection2.csproj", "{A348FB1F-B89E-4FF9-998B-DC751B3195B6}"
EndProject
Global
	GlobalSection(SolutionConfigurationPlatforms) = preSolution
		Debug|Any CPU = Debug|Any CPU
		Release|Any CPU = Release|Any CPU
	EndGlobalSection
	GlobalSection(ProjectConfigurationPlatforms) = postSolution
		{A348FB1F-B89E-4FF9-998B-DC751B3195B6}.Debug|Any CPU.ActiveCfg = Debug|Any CPU
		{A348FB1F-B89E-4FF9-998B-DC751B3195B6}.Debug|Any CPU.Build.0 = Debug|Any CPU
		{A348FB1F-B89E-4FF9-998B-DC751B3195B6}.Release|Any CPU.ActiveCfg = Release|Any CPU
		{A348FB1F-B89E-4FF9-998B-DC751B3195B6}.Release|Any CPU.Build.0 = Release|Any CPU
	EndGlobalSection
	GlobalSection(SolutionProperties) = preSolution
		HideSolutionNode = FALSE
	EndGlobalSection
	GlobalSection(ExtensibilityGlobals) = postSolution
		SolutionGuid = {67EEF39F-1290-418B-B3D9-3FAD57440BE7}
	EndGlobalSection
EndGlobal
