
Microsoft Visual Studio Solution File, Format Version 12.00
# Visual Studio Version 16
VisualStudioVersion = 16.0.31702.278
MinimumVisualStudioVersion = 10.0.40219.1
Project("{FAE04EC0-301F-11D3-BF4B-00C04F79EFBC}") = "Collection1", "Collection1\Collection1.csproj", "{FA1F6928-8F6D-4DC2-A829-B6D5F203F968}"
EndProject
Global
	GlobalSection(SolutionConfigurationPlatforms) = preSolution
		Debug|Any CPU = Debug|Any CPU
		Release|Any CPU = Release|Any CPU
	EndGlobalSection
	GlobalSection(ProjectConfigurationPlatforms) = postSolution
		{FA1F6928-8F6D-4DC2-A829-B6D5F203F968}.Debug|Any CPU.ActiveCfg = Debug|Any CPU
		{FA1F6928-8F6D-4DC2-A829-B6D5F203F968}.Debug|Any CPU.Build.0 = Debug|Any CPU
		{FA1F6928-8F6D-4DC2-A829-B6D5F203F968}.Release|Any CPU.ActiveCfg = Release|Any CPU
		{FA1F6928-8F6D-4DC2-A829-B6D5F203F968}.Release|Any CPU.Build.0 = Release|Any CPU
	EndGlobalSection
	GlobalSection(SolutionProperties) = preSolution
		HideSolutionNode = FALSE
	EndGlobalSection
	GlobalSection(ExtensibilityGlobals) = postSolution
		SolutionGuid = {087D771D-7E09-4C8D-B7AB-80641032E0FF}
	EndGlobalSection
EndGlobal
